// !$*UTF8*$!
{
	archiveVersion = 1;
	classes = {
	};
	objectVersion = 50;
	objects = {

/* Begin PBXBuildFile section */
		13A2FC3C2531088F00B48D30 /* AppDelegate.swift in Sources */ = {isa = PBXBuildFile; fileRef = 13A2FC3B2531088F00B48D30 /* AppDelegate.swift */; };
		13A2FC3E2531088F00B48D30 /* SceneDelegate.swift in Sources */ = {isa = PBXBuildFile; fileRef = 13A2FC3D2531088F00B48D30 /* SceneDelegate.swift */; };
		13A2FC402531088F00B48D30 /* LoginViewController.swift in Sources */ = {isa = PBXBuildFile; fileRef = 13A2FC3F2531088F00B48D30 /* LoginViewController.swift */; };
		13A2FC432531088F00B48D30 /* Main.storyboard in Resources */ = {isa = PBXBuildFile; fileRef = 13A2FC412531088F00B48D30 /* Main.storyboard */; };
		13A2FC452531089200B48D30 /* Assets.xcassets in Resources */ = {isa = PBXBuildFile; fileRef = 13A2FC442531089200B48D30 /* Assets.xcassets */; };
		13A2FC482531089200B48D30 /* LaunchScreen.storyboard in Resources */ = {isa = PBXBuildFile; fileRef = 13A2FC462531089200B48D30 /* LaunchScreen.storyboard */; };
		13A2FC54253109F600B48D30 /* UserLogin.swift in Sources */ = {isa = PBXBuildFile; fileRef = 13A2FC53253109F600B48D30 /* UserLogin.swift */; };
		13A2FC5725310AC700B48D30 /* RestclientService.swift in Sources */ = {isa = PBXBuildFile; fileRef = 13A2FC5625310AC700B48D30 /* RestclientService.swift */; };
		13A2FC5C25310C7600B48D30 /* LoginPresenter.swift in Sources */ = {isa = PBXBuildFile; fileRef = 13A2FC5B25310C7600B48D30 /* LoginPresenter.swift */; };
		13D0F8A6253117CA001B3A25 /* LoginResponse.swift in Sources */ = {isa = PBXBuildFile; fileRef = 13D0F8A5253117CA001B3A25 /* LoginResponse.swift */; };
		13D0F8AC253124E5001B3A25 /* RSSFeeds.swift in Sources */ = {isa = PBXBuildFile; fileRef = 13D0F8AB253124E5001B3A25 /* RSSFeeds.swift */; };
		13D0F8AF2531250C001B3A25 /* RSSFeedsResponse.swift in Sources */ = {isa = PBXBuildFile; fileRef = 13D0F8AE2531250C001B3A25 /* RSSFeedsResponse.swift */; };
		13D0F8B825312590001B3A25 /* RSSFeedsViewController.swift in Sources */ = {isa = PBXBuildFile; fileRef = 13D0F8B625312590001B3A25 /* RSSFeedsViewController.swift */; };
		13D0F8B925312590001B3A25 /* RSSFeedsViewController.xib in Resources */ = {isa = PBXBuildFile; fileRef = 13D0F8B725312590001B3A25 /* RSSFeedsViewController.xib */; };
		13D0F8BD253125D0001B3A25 /* RSSFeedsPresenter.swift in Sources */ = {isa = PBXBuildFile; fileRef = 13D0F8BC253125D0001B3A25 /* RSSFeedsPresenter.swift */; };
		13D0F8C725313C94001B3A25 /* RSSFeedsTableViewCell.swift in Sources */ = {isa = PBXBuildFile; fileRef = 13D0F8C525313C94001B3A25 /* RSSFeedsTableViewCell.swift */; };
		13D0F8C825313C94001B3A25 /* RSSFeedsTableViewCell.xib in Resources */ = {isa = PBXBuildFile; fileRef = 13D0F8C625313C94001B3A25 /* RSSFeedsTableViewCell.xib */; };
/* End PBXBuildFile section */

/* Begin PBXFileReference section */
		13A2FC382531088F00B48D30 /* RSSReader.app */ = {isa = PBXFileReference; explicitFileType = wrapper.application; includeInIndex = 0; path = RSSReader.app; sourceTree = BUILT_PRODUCTS_DIR; };
		13A2FC3B2531088F00B48D30 /* AppDelegate.swift */ = {isa = PBXFileReference; lastKnownFileType = sourcecode.swift; path = AppDelegate.swift; sourceTree = "<group>"; };
		13A2FC3D2531088F00B48D30 /* SceneDelegate.swift */ = {isa = PBXFileReference; lastKnownFileType = sourcecode.swift; path = SceneDelegate.swift; sourceTree = "<group>"; };
		13A2FC3F2531088F00B48D30 /* LoginViewController.swift */ = {isa = PBXFileReference; lastKnownFileType = sourcecode.swift; path = LoginViewController.swift; sourceTree = "<group>"; };
		13A2FC422531088F00B48D30 /* Base */ = {isa = PBXFileReference; lastKnownFileType = file.storyboard; name = Base; path = Base.lproj/Main.storyboard; sourceTree = "<group>"; };
		13A2FC442531089200B48D30 /* Assets.xcassets */ = {isa = PBXFileReference; lastKnownFileType = folder.assetcatalog; path = Assets.xcassets; sourceTree = "<group>"; };
		13A2FC472531089200B48D30 /* Base */ = {isa = PBXFileReference; lastKnownFileType = file.storyboard; name = Base; path = Base.lproj/LaunchScreen.storyboard; sourceTree = "<group>"; };
		13A2FC492531089200B48D30 /* Info.plist */ = {isa = PBXFileReference; lastKnownFileType = text.plist.xml; path = Info.plist; sourceTree = "<group>"; };
		13A2FC53253109F600B48D30 /* UserLogin.swift */ = {isa = PBXFileReference; lastKnownFileType = sourcecode.swift; path = UserLogin.swift; sourceTree = "<group>"; };
		13A2FC5625310AC700B48D30 /* RestclientService.swift */ = {isa = PBXFileReference; lastKnownFileType = sourcecode.swift; path = RestclientService.swift; sourceTree = "<group>"; };
		13A2FC5B25310C7600B48D30 /* LoginPresenter.swift */ = {isa = PBXFileReference; lastKnownFileType = sourcecode.swift; path = LoginPresenter.swift; sourceTree = "<group>"; };
		13D0F8A5253117CA001B3A25 /* LoginResponse.swift */ = {isa = PBXFileReference; lastKnownFileType = sourcecode.swift; path = LoginResponse.swift; sourceTree = "<group>"; };
		13D0F8AB253124E5001B3A25 /* RSSFeeds.swift */ = {isa = PBXFileReference; lastKnownFileType = sourcecode.swift; path = RSSFeeds.swift; sourceTree = "<group>"; };
		13D0F8AE2531250C001B3A25 /* RSSFeedsResponse.swift */ = {isa = PBXFileReference; lastKnownFileType = sourcecode.swift; path = RSSFeedsResponse.swift; sourceTree = "<group>"; };
		13D0F8B625312590001B3A25 /* RSSFeedsViewController.swift */ = {isa = PBXFileReference; lastKnownFileType = sourcecode.swift; path = RSSFeedsViewController.swift; sourceTree = "<group>"; };
		13D0F8B725312590001B3A25 /* RSSFeedsViewController.xib */ = {isa = PBXFileReference; lastKnownFileType = file.xib; path = RSSFeedsViewController.xib; sourceTree = "<group>"; };
		13D0F8BC253125D0001B3A25 /* RSSFeedsPresenter.swift */ = {isa = PBXFileReference; lastKnownFileType = sourcecode.swift; path = RSSFeedsPresenter.swift; sourceTree = "<group>"; };
		13D0F8C525313C94001B3A25 /* RSSFeedsTableViewCell.swift */ = {isa = PBXFileReference; lastKnownFileType = sourcecode.swift; path = RSSFeedsTableViewCell.swift; sourceTree = "<group>"; };
		13D0F8C625313C94001B3A25 /* RSSFeedsTableViewCell.xib */ = {isa = PBXFileReference; lastKnownFileType = file.xib; path = RSSFeedsTableViewCell.xib; sourceTree = "<group>"; };
/* End PBXFileReference section */

/* Begin PBXFrameworksBuildPhase section */
		13A2FC352531088F00B48D30 /* Frameworks */ = {
			isa = PBXFrameworksBuildPhase;
			buildActionMask = 2147483647;
			files = (
			);
			runOnlyForDeploymentPostprocessing = 0;
		};
/* End PBXFrameworksBuildPhase section */

/* Begin PBXGroup section */
		13A2FC2F2531088F00B48D30 = {
			isa = PBXGroup;
			children = (
				13A2FC3A2531088F00B48D30 /* RSSReader */,
				13A2FC392531088F00B48D30 /* Products */,
			);
			sourceTree = "<group>";
		};
		13A2FC392531088F00B48D30 /* Products */ = {
			isa = PBXGroup;
			children = (
				13A2FC382531088F00B48D30 /* RSSReader.app */,
			);
			name = Products;
			sourceTree = "<group>";
		};
		13A2FC3A2531088F00B48D30 /* RSSReader */ = {
			isa = PBXGroup;
			children = (
				13D0F8A925311FC6001B3A25 /* Resources */,
				13A2FC5925310C3400B48D30 /* Scenes */,
				13A2FC522531098500B48D30 /* Networking */,
				13A2FC512531095200B48D30 /* Models */,
				13A2FC3B2531088F00B48D30 /* AppDelegate.swift */,
				13A2FC3D2531088F00B48D30 /* SceneDelegate.swift */,
				13A2FC412531088F00B48D30 /* Main.storyboard */,
				13A2FC442531089200B48D30 /* Assets.xcassets */,
				13A2FC462531089200B48D30 /* LaunchScreen.storyboard */,
				13A2FC492531089200B48D30 /* Info.plist */,
			);
			path = RSSReader;
			sourceTree = "<group>";
		};
		13A2FC512531095200B48D30 /* Models */ = {
			isa = PBXGroup;
			children = (
				13A2FC53253109F600B48D30 /* UserLogin.swift */,
				13D0F8AB253124E5001B3A25 /* RSSFeeds.swift */,
			);
			path = Models;
			sourceTree = "<group>";
		};
		13A2FC522531098500B48D30 /* Networking */ = {
			isa = PBXGroup;
			children = (
				13D0F8A425311795001B3A25 /* ResponseModels */,
				13A2FC5625310AC700B48D30 /* RestclientService.swift */,
			);
			path = Networking;
			sourceTree = "<group>";
		};
		13A2FC5925310C3400B48D30 /* Scenes */ = {
			isa = PBXGroup;
			children = (
				13D0F8B12531254C001B3A25 /* RSSFeeds */,
				13A2FC5A25310C4F00B48D30 /* Login */,
			);
			path = Scenes;
			sourceTree = "<group>";
		};
		13A2FC5A25310C4F00B48D30 /* Login */ = {
			isa = PBXGroup;
			children = (
				13A2FC3F2531088F00B48D30 /* LoginViewController.swift */,
				13A2FC5B25310C7600B48D30 /* LoginPresenter.swift */,
			);
			path = Login;
			sourceTree = "<group>";
		};
		13D0F8A425311795001B3A25 /* ResponseModels */ = {
			isa = PBXGroup;
			children = (
				13D0F8A5253117CA001B3A25 /* LoginResponse.swift */,
				13D0F8AE2531250C001B3A25 /* RSSFeedsResponse.swift */,
			);
			path = ResponseModels;
			sourceTree = "<group>";
		};
		13D0F8A925311FC6001B3A25 /* Resources */ = {
			isa = PBXGroup;
			children = (
			);
			path = Resources;
			sourceTree = "<group>";
		};
		13D0F8B12531254C001B3A25 /* RSSFeeds */ = {
			isa = PBXGroup;
			children = (
				13D0F8CC25313E63001B3A25 /* Views */,
				13D0F8B625312590001B3A25 /* RSSFeedsViewController.swift */,
				13D0F8B725312590001B3A25 /* RSSFeedsViewController.xib */,
				13D0F8BC253125D0001B3A25 /* RSSFeedsPresenter.swift */,
			);
			path = RSSFeeds;
			sourceTree = "<group>";
		};
		13D0F8CC25313E63001B3A25 /* Views */ = {
			isa = PBXGroup;
			children = (
				13D0F8C525313C94001B3A25 /* RSSFeedsTableViewCell.swift */,
				13D0F8C625313C94001B3A25 /* RSSFeedsTableViewCell.xib */,
			);
			path = Views;
			sourceTree = "<group>";
		};
/* End PBXGroup section */

/* Begin PBXNativeTarget section */
		13A2FC372531088F00B48D30 /* RSSReader */ = {
			isa = PBXNativeTarget;
			buildConfigurationList = 13A2FC4C2531089200B48D30 /* Build configuration list for PBXNativeTarget "RSSReader" */;
			buildPhases = (
				13A2FC342531088F00B48D30 /* Sources */,
				13A2FC352531088F00B48D30 /* Frameworks */,
				13A2FC362531088F00B48D30 /* Resources */,
			);
			buildRules = (
			);
			dependencies = (
			);
			name = RSSReader;
			productName = RSSReader;
			productReference = 13A2FC382531088F00B48D30 /* RSSReader.app */;
			productType = "com.apple.product-type.application";
		};
/* End PBXNativeTarget section */

/* Begin PBXProject section */
		13A2FC302531088F00B48D30 /* Project object */ = {
			isa = PBXProject;
			attributes = {
				LastSwiftUpdateCheck = 1200;
				LastUpgradeCheck = 1200;
				TargetAttributes = {
					13A2FC372531088F00B48D30 = {
						CreatedOnToolsVersion = 12.0.1;
					};
				};
			};
			buildConfigurationList = 13A2FC332531088F00B48D30 /* Build configuration list for PBXProject "RSSReader" */;
			compatibilityVersion = "Xcode 9.3";
			developmentRegion = en;
			hasScannedForEncodings = 0;
			knownRegions = (
				en,
				Base,
			);
			mainGroup = 13A2FC2F2531088F00B48D30;
			productRefGroup = 13A2FC392531088F00B48D30 /* Products */;
			projectDirPath = "";
			projectRoot = "";
			targets = (
				13A2FC372531088F00B48D30 /* RSSReader */,
			);
		};
/* End PBXProject section */

/* Begin PBXResourcesBuildPhase section */
		13A2FC362531088F00B48D30 /* Resources */ = {
			isa = PBXResourcesBuildPhase;
			buildActionMask = 2147483647;
			files = (
				13A2FC482531089200B48D30 /* LaunchScreen.storyboard in Resources */,
				13D0F8B925312590001B3A25 /* RSSFeedsViewController.xib in Resources */,
				13D0F8C825313C94001B3A25 /* RSSFeedsTableViewCell.xib in Resources */,
				13A2FC452531089200B48D30 /* Assets.xcassets in Resources */,
				13A2FC432531088F00B48D30 /* Main.storyboard in Resources */,
			);
			runOnlyForDeploymentPostprocessing = 0;
		};
/* End PBXResourcesBuildPhase section */

/* Begin PBXSourcesBuildPhase section */
		13A2FC342531088F00B48D30 /* Sources */ = {
			isa = PBXSourcesBuildPhase;
			buildActionMask = 2147483647;
			files = (
				13D0F8AC253124E5001B3A25 /* RSSFeeds.swift in Sources */,
				13A2FC5C25310C7600B48D30 /* LoginPresenter.swift in Sources */,
				13A2FC402531088F00B48D30 /* LoginViewController.swift in Sources */,
				13D0F8B825312590001B3A25 /* RSSFeedsViewController.swift in Sources */,
				13D0F8C725313C94001B3A25 /* RSSFeedsTableViewCell.swift in Sources */,
				13D0F8BD253125D0001B3A25 /* RSSFeedsPresenter.swift in Sources */,
				13A2FC3C2531088F00B48D30 /* AppDelegate.swift in Sources */,
				13A2FC5725310AC700B48D30 /* RestclientService.swift in Sources */,
				13A2FC54253109F600B48D30 /* UserLogin.swift in Sources */,
				13A2FC3E2531088F00B48D30 /* SceneDelegate.swift in Sources */,
				13D0F8AF2531250C001B3A25 /* RSSFeedsResponse.swift in Sources */,
				13D0F8A6253117CA001B3A25 /* LoginResponse.swift in Sources */,
			);
			runOnlyForDeploymentPostprocessing = 0;
		};
/* End PBXSourcesBuildPhase section */

/* Begin PBXVariantGroup section */
		13A2FC412531088F00B48D30 /* Main.storyboard */ = {
			isa = PBXVariantGroup;
			children = (
				13A2FC422531088F00B48D30 /* Base */,
			);
			name = Main.storyboard;
			sourceTree = "<group>";
		};
		13A2FC462531089200B48D30 /* LaunchScreen.storyboard */ = {
			isa = PBXVariantGroup;
			children = (
				13A2FC472531089200B48D30 /* Base */,
			);
			name = LaunchScreen.storyboard;
			sourceTree = "<group>";
		};
/* End PBXVariantGroup section */

/* Begin XCBuildConfiguration section */
		13A2FC4A2531089200B48D30 /* Debug */ = {
			isa = XCBuildConfiguration;
			buildSettings = {
				ALWAYS_SEARCH_USER_PATHS = NO;
				CLANG_ANALYZER_NONNULL = YES;
				CLANG_ANALYZER_NUMBER_OBJECT_CONVERSION = YES_AGGRESSIVE;
				CLANG_CXX_LANGUAGE_STANDARD = "gnu++14";
				CLANG_CXX_LIBRARY = "libc++";
				CLANG_ENABLE_MODULES = YES;
				CLANG_ENABLE_OBJC_ARC = YES;
				CLANG_ENABLE_OBJC_WEAK = YES;
				CLANG_WARN_BLOCK_CAPTURE_AUTORELEASING = YES;
				CLANG_WARN_BOOL_CONVERSION = YES;
				CLANG_WARN_COMMA = YES;
				CLANG_WARN_CONSTANT_CONVERSION = YES;
				CLANG_WARN_DEPRECATED_OBJC_IMPLEMENTATIONS = YES;
				CLANG_WARN_DIRECT_OBJC_ISA_USAGE = YES_ERROR;
				CLANG_WARN_DOCUMENTATION_COMMENTS = YES;
				CLANG_WARN_EMPTY_BODY = YES;
				CLANG_WARN_ENUM_CONVERSION = YES;
				CLANG_WARN_INFINITE_RECURSION = YES;
				CLANG_WARN_INT_CONVERSION = YES;
				CLANG_WARN_NON_LITERAL_NULL_CONVERSION = YES;
				CLANG_WARN_OBJC_IMPLICIT_RETAIN_SELF = YES;
				CLANG_WARN_OBJC_LITERAL_CONVERSION = YES;
				CLANG_WARN_OBJC_ROOT_CLASS = YES_ERROR;
				CLANG_WARN_QUOTED_INCLUDE_IN_FRAMEWORK_HEADER = YES;
				CLANG_WARN_RANGE_LOOP_ANALYSIS = YES;
				CLANG_WARN_STRICT_PROTOTYPES = YES;
				CLANG_WARN_SUSPICIOUS_MOVE = YES;
				CLANG_WARN_UNGUARDED_AVAILABILITY = YES_AGGRESSIVE;
				CLANG_WARN_UNREACHABLE_CODE = YES;
				CLANG_WARN__DUPLICATE_METHOD_MATCH = YES;
				COPY_PHASE_STRIP = NO;
				DEBUG_INFORMATION_FORMAT = dwarf;
				ENABLE_STRICT_OBJC_MSGSEND = YES;
				ENABLE_TESTABILITY = YES;
				GCC_C_LANGUAGE_STANDARD = gnu11;
				GCC_DYNAMIC_NO_PIC = NO;
				GCC_NO_COMMON_BLOCKS = YES;
				GCC_OPTIMIZATION_LEVEL = 0;
				GCC_PREPROCESSOR_DEFINITIONS = (
					"DEBUG=1",
					"$(inherited)",
				);
				GCC_WARN_64_TO_32_BIT_CONVERSION = YES;
				GCC_WARN_ABOUT_RETURN_TYPE = YES_ERROR;
				GCC_WARN_UNDECLARED_SELECTOR = YES;
				GCC_WARN_UNINITIALIZED_AUTOS = YES_AGGRESSIVE;
				GCC_WARN_UNUSED_FUNCTION = YES;
				GCC_WARN_UNUSED_VARIABLE = YES;
				IPHONEOS_DEPLOYMENT_TARGET = 14.0;
				MTL_ENABLE_DEBUG_INFO = INCLUDE_SOURCE;
				MTL_FAST_MATH = YES;
				ONLY_ACTIVE_ARCH = YES;
				SDKROOT = iphoneos;
				SWIFT_ACTIVE_COMPILATION_CONDITIONS = DEBUG;
				SWIFT_OPTIMIZATION_LEVEL = "-Onone";
			};
			name = Debug;
		};
		13A2FC4B2531089200B48D30 /* Release */ = {
			isa = XCBuildConfiguration;
			buildSettings = {
				ALWAYS_SEARCH_USER_PATHS = NO;
				CLANG_ANALYZER_NONNULL = YES;
				CLANG_ANALYZER_NUMBER_OBJECT_CONVERSION = YES_AGGRESSIVE;
				CLANG_CXX_LANGUAGE_STANDARD = "gnu++14";
				CLANG_CXX_LIBRARY = "libc++";
				CLANG_ENABLE_MODULES = YES;
				CLANG_ENABLE_OBJC_ARC = YES;
				CLANG_ENABLE_OBJC_WEAK = YES;
				CLANG_WARN_BLOCK_CAPTURE_AUTORELEASING = YES;
				CLANG_WARN_BOOL_CONVERSION = YES;
				CLANG_WARN_COMMA = YES;
				CLANG_WARN_CONSTANT_CONVERSION = YES;
				CLANG_WARN_DEPRECATED_OBJC_IMPLEMENTATIONS = YES;
				CLANG_WARN_DIRECT_OBJC_ISA_USAGE = YES_ERROR;
				CLANG_WARN_DOCUMENTATION_COMMENTS = YES;
				CLANG_WARN_EMPTY_BODY = YES;
				CLANG_WARN_ENUM_CONVERSION = YES;
				CLANG_WARN_INFINITE_RECURSION = YES;
				CLANG_WARN_INT_CONVERSION = YES;
				CLANG_WARN_NON_LITERAL_NULL_CONVERSION = YES;
				CLANG_WARN_OBJC_IMPLICIT_RETAIN_SELF = YES;
				CLANG_WARN_OBJC_LITERAL_CONVERSION = YES;
				CLANG_WARN_OBJC_ROOT_CLASS = YES_ERROR;
				CLANG_WARN_QUOTED_INCLUDE_IN_FRAMEWORK_HEADER = YES;
				CLANG_WARN_RANGE_LOOP_ANALYSIS = YES;
				CLANG_WARN_STRICT_PROTOTYPES = YES;
				CLANG_WARN_SUSPICIOUS_MOVE = YES;
				CLANG_WARN_UNGUARDED_AVAILABILITY = YES_AGGRESSIVE;
				CLANG_WARN_UNREACHABLE_CODE = YES;
				CLANG_WARN__DUPLICATE_METHOD_MATCH = YES;
				COPY_PHASE_STRIP = NO;
				DEBUG_INFORMATION_FORMAT = "dwarf-with-dsym";
				ENABLE_NS_ASSERTIONS = NO;
				ENABLE_STRICT_OBJC_MSGSEND = YES;
				GCC_C_LANGUAGE_STANDARD = gnu11;
				GCC_NO_COMMON_BLOCKS = YES;
				GCC_WARN_64_TO_32_BIT_CONVERSION = YES;
				GCC_WARN_ABOUT_RETURN_TYPE = YES_ERROR;
				GCC_WARN_UNDECLARED_SELECTOR = YES;
				GCC_WARN_UNINITIALIZED_AUTOS = YES_AGGRESSIVE;
				GCC_WARN_UNUSED_FUNCTION = YES;
				GCC_WARN_UNUSED_VARIABLE = YES;
				IPHONEOS_DEPLOYMENT_TARGET = 14.0;
				MTL_ENABLE_DEBUG_INFO = NO;
				MTL_FAST_MATH = YES;
				SDKROOT = iphoneos;
				SWIFT_COMPILATION_MODE = wholemodule;
				SWIFT_OPTIMIZATION_LEVEL = "-O";
				VALIDATE_PRODUCT = YES;
			};
			name = Release;
		};
		13A2FC4D2531089200B48D30 /* Debug */ = {
			isa = XCBuildConfiguration;
			buildSettings = {
				ASSETCATALOG_COMPILER_APPICON_NAME = AppIcon;
				ASSETCATALOG_COMPILER_GLOBAL_ACCENT_COLOR_NAME = AccentColor;
				CODE_SIGN_STYLE = Automatic;
				DEVELOPMENT_TEAM = LUNGYV76TW;
				INFOPLIST_FILE = RSSReader/Info.plist;
				LD_RUNPATH_SEARCH_PATHS = (
					"$(inherited)",
					"@executable_path/Frameworks",
				);
				PRODUCT_BUNDLE_IDENTIFIER = com.fermenendez.RSSReader;
				PRODUCT_NAME = "$(TARGET_NAME)";
				SWIFT_VERSION = 5.0;
				TARGETED_DEVICE_FAMILY = "1,2";
			};
			name = Debug;
		};
		13A2FC4E2531089200B48D30 /* Release */ = {
			isa = XCBuildConfiguration;
			buildSettings = {
				ASSETCATALOG_COMPILER_APPICON_NAME = AppIcon;
				ASSETCATALOG_COMPILER_GLOBAL_ACCENT_COLOR_NAME = AccentColor;
				CODE_SIGN_STYLE = Automatic;
				DEVELOPMENT_TEAM = LUNGYV76TW;
				INFOPLIST_FILE = RSSReader/Info.plist;
				LD_RUNPATH_SEARCH_PATHS = (
					"$(inherited)",
					"@executable_path/Frameworks",
				);
				PRODUCT_BUNDLE_IDENTIFIER = com.fermenendez.RSSReader;
				PRODUCT_NAME = "$(TARGET_NAME)";
				SWIFT_VERSION = 5.0;
				TARGETED_DEVICE_FAMILY = "1,2";
			};
			name = Release;
		};
/* End XCBuildConfiguration section */

/* Begin XCConfigurationList section */
		13A2FC332531088F00B48D30 /* Build configuration list for PBXProject "RSSReader" */ = {
			isa = XCConfigurationList;
			buildConfigurations = (
				13A2FC4A2531089200B48D30 /* Debug */,
				13A2FC4B2531089200B48D30 /* Release */,
			);
			defaultConfigurationIsVisible = 0;
			defaultConfigurationName = Release;
		};
		13A2FC4C2531089200B48D30 /* Build configuration list for PBXNativeTarget "RSSReader" */ = {
			isa = XCConfigurationList;
			buildConfigurations = (
				13A2FC4D2531089200B48D30 /* Debug */,
				13A2FC4E2531089200B48D30 /* Release */,
			);
			defaultConfigurationIsVisible = 0;
			defaultConfigurationName = Release;
		};
/* End XCConfigurationList section */
	};
	rootObject = 13A2FC302531088F00B48D30 /* Project object */;
}
